
Microsoft Visual Studio Solution File, Format Version 12.00
# Visual Studio 2012
Project("{FAE04EC0-301F-11D3-BF4B-00C04F79EFBC}") = "Array_Q2", "Array_Q2\Array_Q2.csproj", "{F3087609-F0C6-49FF-8071-468C68C70D9E}"
EndProject
Global
	GlobalSection(SolutionConfigurationPlatforms) = preSolution
		Debug|x86 = Debug|x86
		Release|x86 = Release|x86
	EndGlobalSection
	GlobalSection(ProjectConfigurationPlatforms) = postSolution
		{F3087609-F0C6-49FF-8071-468C68C70D9E}.Debug|x86.ActiveCfg = Debug|x86
		{F3087609-F0C6-49FF-8071-468C68C70D9E}.Debug|x86.Build.0 = Debug|x86
		{F3087609-F0C6-49FF-8071-468C68C70D9E}.Release|x86.ActiveCfg = Release|x86
		{F3087609-F0C6-49FF-8071-468C68C70D9E}.Release|x86.Build.0 = Release|x86
	EndGlobalSection
EndGlobal
