
Microsoft Visual Studio Solution File, Format Version 12.00
# Visual Studio 2012
Project("{FAE04EC0-301F-11D3-BF4B-00C04F79EFBC}") = "Practice(1)", "Practice(1)\Practice(1).csproj", "{08D76D1C-C8C5-4448-9AC5-17EDFCD62CB4}"
EndProject
Global
	GlobalSection(SolutionConfigurationPlatforms) = preSolution
		Debug|x86 = Debug|x86
		Release|x86 = Release|x86
	EndGlobalSection
	GlobalSection(ProjectConfigurationPlatforms) = postSolution
		{08D76D1C-C8C5-4448-9AC5-17EDFCD62CB4}.Debug|x86.ActiveCfg = Debug|x86
		{08D76D1C-C8C5-4448-9AC5-17EDFCD62CB4}.Debug|x86.Build.0 = Debug|x86
		{08D76D1C-C8C5-4448-9AC5-17EDFCD62CB4}.Release|x86.ActiveCfg = Release|x86
		{08D76D1C-C8C5-4448-9AC5-17EDFCD62CB4}.Release|x86.Build.0 = Release|x86
	EndGlobalSection
EndGlobal
